// !$*UTF8*$!
{
	archiveVersion = 1;
	classes = {
	};
	objectVersion = 50;
	objects = {

/* Begin PBXBuildFile section */
		0184D31B21B46C2E00097265 /* Luno.framework in Frameworks */ = {isa = PBXBuildFile; fileRef = 0184D31121B46C2E00097265 /* Luno.framework */; };
		0184D32021B46C2E00097265 /* LunoTests.swift in Sources */ = {isa = PBXBuildFile; fileRef = 0184D31F21B46C2E00097265 /* LunoTests.swift */; };
		0184D32221B46C2E00097265 /* Luno.h in Headers */ = {isa = PBXBuildFile; fileRef = 0184D31421B46C2E00097265 /* Luno.h */; settings = {ATTRIBUTES = (Public, ); }; };
		0184D32F21B46CC100097265 /* Luno.swift in Sources */ = {isa = PBXBuildFile; fileRef = 0184D32E21B46CC100097265 /* Luno.swift */; };
		0184D33921B46CF900097265 /* LunoEndPoint.swift in Sources */ = {isa = PBXBuildFile; fileRef = 0184D33521B46CF900097265 /* LunoEndPoint.swift */; };
		0184D33A21B46CF900097265 /* LunoMarketDataAPI.swift in Sources */ = {isa = PBXBuildFile; fileRef = 0184D33621B46CF900097265 /* LunoMarketDataAPI.swift */; };
		0184D33B21B46CF900097265 /* LunoAccountAPI.swift in Sources */ = {isa = PBXBuildFile; fileRef = 0184D33721B46CF900097265 /* LunoAccountAPI.swift */; };
		0184D33C21B46CF900097265 /* LunoRouter.swift in Sources */ = {isa = PBXBuildFile; fileRef = 0184D33821B46CF900097265 /* LunoRouter.swift */; };
		0184D33F21B46D0300097265 /* LunoPair.swift in Sources */ = {isa = PBXBuildFile; fileRef = 0184D33D21B46D0200097265 /* LunoPair.swift */; };
		0184D34021B46D0300097265 /* LunoCurrency.swift in Sources */ = {isa = PBXBuildFile; fileRef = 0184D33E21B46D0200097265 /* LunoCurrency.swift */; };
		0184D34821B46D1500097265 /* LunoTickers.swift in Sources */ = {isa = PBXBuildFile; fileRef = 0184D34221B46D1500097265 /* LunoTickers.swift */; };
		0184D34921B46D1500097265 /* LunoTicker.swift in Sources */ = {isa = PBXBuildFile; fileRef = 0184D34321B46D1500097265 /* LunoTicker.swift */; };
		0184D34A21B46D1500097265 /* LunoTrade.swift in Sources */ = {isa = PBXBuildFile; fileRef = 0184D34421B46D1500097265 /* LunoTrade.swift */; };
		0184D34B21B46D1500097265 /* LunoTrades.swift in Sources */ = {isa = PBXBuildFile; fileRef = 0184D34521B46D1500097265 /* LunoTrades.swift */; };
		0184D34C21B46D1500097265 /* LunoOrderBook.swift in Sources */ = {isa = PBXBuildFile; fileRef = 0184D34621B46D1500097265 /* LunoOrderBook.swift */; };
		0184D34D21B46D1500097265 /* LunoBid.swift in Sources */ = {isa = PBXBuildFile; fileRef = 0184D34721B46D1500097265 /* LunoBid.swift */; };
		0184D35021B46D1E00097265 /* HTTPTask.swift in Sources */ = {isa = PBXBuildFile; fileRef = 0184D34E21B46D1E00097265 /* HTTPTask.swift */; };
		0184D35121B46D1E00097265 /* HTTPResponse.swift in Sources */ = {isa = PBXBuildFile; fileRef = 0184D34F21B46D1E00097265 /* HTTPResponse.swift */; };
		0184D35321B46D2700097265 /* URLArgumentEncoder.swift in Sources */ = {isa = PBXBuildFile; fileRef = 0184D35221B46D2700097265 /* URLArgumentEncoder.swift */; };
/* End PBXBuildFile section */

/* Begin PBXContainerItemProxy section */
		0184D31C21B46C2E00097265 /* PBXContainerItemProxy */ = {
			isa = PBXContainerItemProxy;
			containerPortal = 0184D30821B46C2E00097265 /* Project object */;
			proxyType = 1;
			remoteGlobalIDString = 0184D31021B46C2E00097265;
			remoteInfo = Luno;
		};
/* End PBXContainerItemProxy section */

/* Begin PBXFileReference section */
		0184D31121B46C2E00097265 /* Luno.framework */ = {isa = PBXFileReference; explicitFileType = wrapper.framework; includeInIndex = 0; path = Luno.framework; sourceTree = BUILT_PRODUCTS_DIR; };
		0184D31421B46C2E00097265 /* Luno.h */ = {isa = PBXFileReference; lastKnownFileType = sourcecode.c.h; path = Luno.h; sourceTree = "<group>"; };
		0184D31521B46C2E00097265 /* Info.plist */ = {isa = PBXFileReference; lastKnownFileType = text.plist.xml; path = Info.plist; sourceTree = "<group>"; };
		0184D31A21B46C2E00097265 /* LunoTests.xctest */ = {isa = PBXFileReference; explicitFileType = wrapper.cfbundle; includeInIndex = 0; path = LunoTests.xctest; sourceTree = BUILT_PRODUCTS_DIR; };
		0184D31F21B46C2E00097265 /* LunoTests.swift */ = {isa = PBXFileReference; lastKnownFileType = sourcecode.swift; path = LunoTests.swift; sourceTree = "<group>"; };
		0184D32121B46C2E00097265 /* Info.plist */ = {isa = PBXFileReference; lastKnownFileType = text.plist.xml; path = Info.plist; sourceTree = "<group>"; };
		0184D32E21B46CC100097265 /* Luno.swift */ = {isa = PBXFileReference; fileEncoding = 4; lastKnownFileType = sourcecode.swift; path = Luno.swift; sourceTree = "<group>"; };
		0184D33521B46CF900097265 /* LunoEndPoint.swift */ = {isa = PBXFileReference; fileEncoding = 4; lastKnownFileType = sourcecode.swift; path = LunoEndPoint.swift; sourceTree = "<group>"; };
		0184D33621B46CF900097265 /* LunoMarketDataAPI.swift */ = {isa = PBXFileReference; fileEncoding = 4; lastKnownFileType = sourcecode.swift; path = LunoMarketDataAPI.swift; sourceTree = "<group>"; };
		0184D33721B46CF900097265 /* LunoAccountAPI.swift */ = {isa = PBXFileReference; fileEncoding = 4; lastKnownFileType = sourcecode.swift; path = LunoAccountAPI.swift; sourceTree = "<group>"; };
		0184D33821B46CF900097265 /* LunoRouter.swift */ = {isa = PBXFileReference; fileEncoding = 4; lastKnownFileType = sourcecode.swift; path = LunoRouter.swift; sourceTree = "<group>"; };
		0184D33D21B46D0200097265 /* LunoPair.swift */ = {isa = PBXFileReference; fileEncoding = 4; lastKnownFileType = sourcecode.swift; path = LunoPair.swift; sourceTree = "<group>"; };
		0184D33E21B46D0200097265 /* LunoCurrency.swift */ = {isa = PBXFileReference; fileEncoding = 4; lastKnownFileType = sourcecode.swift; path = LunoCurrency.swift; sourceTree = "<group>"; };
		0184D34221B46D1500097265 /* LunoTickers.swift */ = {isa = PBXFileReference; fileEncoding = 4; lastKnownFileType = sourcecode.swift; path = LunoTickers.swift; sourceTree = "<group>"; };
		0184D34321B46D1500097265 /* LunoTicker.swift */ = {isa = PBXFileReference; fileEncoding = 4; lastKnownFileType = sourcecode.swift; path = LunoTicker.swift; sourceTree = "<group>"; };
		0184D34421B46D1500097265 /* LunoTrade.swift */ = {isa = PBXFileReference; fileEncoding = 4; lastKnownFileType = sourcecode.swift; path = LunoTrade.swift; sourceTree = "<group>"; };
		0184D34521B46D1500097265 /* LunoTrades.swift */ = {isa = PBXFileReference; fileEncoding = 4; lastKnownFileType = sourcecode.swift; path = LunoTrades.swift; sourceTree = "<group>"; };
		0184D34621B46D1500097265 /* LunoOrderBook.swift */ = {isa = PBXFileReference; fileEncoding = 4; lastKnownFileType = sourcecode.swift; path = LunoOrderBook.swift; sourceTree = "<group>"; };
		0184D34721B46D1500097265 /* LunoBid.swift */ = {isa = PBXFileReference; fileEncoding = 4; lastKnownFileType = sourcecode.swift; path = LunoBid.swift; sourceTree = "<group>"; };
		0184D34E21B46D1E00097265 /* HTTPTask.swift */ = {isa = PBXFileReference; fileEncoding = 4; lastKnownFileType = sourcecode.swift; path = HTTPTask.swift; sourceTree = "<group>"; };
		0184D34F21B46D1E00097265 /* HTTPResponse.swift */ = {isa = PBXFileReference; fileEncoding = 4; lastKnownFileType = sourcecode.swift; path = HTTPResponse.swift; sourceTree = "<group>"; };
		0184D35221B46D2700097265 /* URLArgumentEncoder.swift */ = {isa = PBXFileReference; fileEncoding = 4; lastKnownFileType = sourcecode.swift; path = URLArgumentEncoder.swift; sourceTree = "<group>"; };
/* End PBXFileReference section */

/* Begin PBXFrameworksBuildPhase section */
		0184D30E21B46C2E00097265 /* Frameworks */ = {
			isa = PBXFrameworksBuildPhase;
			buildActionMask = 2147483647;
			files = (
			);
			runOnlyForDeploymentPostprocessing = 0;
		};
		0184D31721B46C2E00097265 /* Frameworks */ = {
			isa = PBXFrameworksBuildPhase;
			buildActionMask = 2147483647;
			files = (
				0184D31B21B46C2E00097265 /* Luno.framework in Frameworks */,
			);
			runOnlyForDeploymentPostprocessing = 0;
		};
/* End PBXFrameworksBuildPhase section */

/* Begin PBXGroup section */
		0184D30721B46C2E00097265 = {
			isa = PBXGroup;
			children = (
				0184D31321B46C2E00097265 /* Luno */,
				0184D31E21B46C2E00097265 /* LunoTests */,
				0184D31221B46C2E00097265 /* Products */,
			);
			sourceTree = "<group>";
		};
		0184D31221B46C2E00097265 /* Products */ = {
			isa = PBXGroup;
			children = (
				0184D31121B46C2E00097265 /* Luno.framework */,
				0184D31A21B46C2E00097265 /* LunoTests.xctest */,
			);
			name = Products;
			sourceTree = "<group>";
		};
		0184D31321B46C2E00097265 /* Luno */ = {
			isa = PBXGroup;
			children = (
				0184D31421B46C2E00097265 /* Luno.h */,
				0184D31521B46C2E00097265 /* Info.plist */,
				0184D32E21B46CC100097265 /* Luno.swift */,
				0184D33421B46CE900097265 /* api */,
				0184D33221B46CD500097265 /* enum */,
				0184D33321B46CDD00097265 /* dto */,
				0184D33121B46CD000097265 /* http */,
				0184D33021B46CCA00097265 /* encoder */,
			);
			path = Luno;
			sourceTree = "<group>";
		};
		0184D31E21B46C2E00097265 /* LunoTests */ = {
			isa = PBXGroup;
			children = (
				0184D31F21B46C2E00097265 /* LunoTests.swift */,
				0184D32121B46C2E00097265 /* Info.plist */,
			);
			path = LunoTests;
			sourceTree = "<group>";
		};
		0184D33021B46CCA00097265 /* encoder */ = {
			isa = PBXGroup;
			children = (
				0184D35221B46D2700097265 /* URLArgumentEncoder.swift */,
			);
			path = encoder;
			sourceTree = "<group>";
		};
		0184D33121B46CD000097265 /* http */ = {
			isa = PBXGroup;
			children = (
				0184D34F21B46D1E00097265 /* HTTPResponse.swift */,
				0184D34E21B46D1E00097265 /* HTTPTask.swift */,
			);
			path = http;
			sourceTree = "<group>";
		};
		0184D33221B46CD500097265 /* enum */ = {
			isa = PBXGroup;
			children = (
				0184D33E21B46D0200097265 /* LunoCurrency.swift */,
				0184D33D21B46D0200097265 /* LunoPair.swift */,
			);
			path = enum;
			sourceTree = "<group>";
		};
		0184D33321B46CDD00097265 /* dto */ = {
			isa = PBXGroup;
			children = (
				0184D34121B46D0A00097265 /* marketData */,
			);
			path = dto;
			sourceTree = "<group>";
		};
		0184D33421B46CE900097265 /* api */ = {
			isa = PBXGroup;
			children = (
				0184D33721B46CF900097265 /* LunoAccountAPI.swift */,
				0184D33521B46CF900097265 /* LunoEndPoint.swift */,
				0184D33621B46CF900097265 /* LunoMarketDataAPI.swift */,
				0184D33821B46CF900097265 /* LunoRouter.swift */,
			);
			path = api;
			sourceTree = "<group>";
		};
		0184D34121B46D0A00097265 /* marketData */ = {
			isa = PBXGroup;
			children = (
				0184D34721B46D1500097265 /* LunoBid.swift */,
				0184D34621B46D1500097265 /* LunoOrderBook.swift */,
				0184D34321B46D1500097265 /* LunoTicker.swift */,
				0184D34221B46D1500097265 /* LunoTickers.swift */,
				0184D34421B46D1500097265 /* LunoTrade.swift */,
				0184D34521B46D1500097265 /* LunoTrades.swift */,
			);
			path = marketData;
			sourceTree = "<group>";
		};
/* End PBXGroup section */

/* Begin PBXHeadersBuildPhase section */
		0184D30C21B46C2E00097265 /* Headers */ = {
			isa = PBXHeadersBuildPhase;
			buildActionMask = 2147483647;
			files = (
				0184D32221B46C2E00097265 /* Luno.h in Headers */,
			);
			runOnlyForDeploymentPostprocessing = 0;
		};
/* End PBXHeadersBuildPhase section */

/* Begin PBXNativeTarget section */
		0184D31021B46C2E00097265 /* Luno */ = {
			isa = PBXNativeTarget;
			buildConfigurationList = 0184D32521B46C2E00097265 /* Build configuration list for PBXNativeTarget "Luno" */;
			buildPhases = (
				0184D30C21B46C2E00097265 /* Headers */,
				0184D30D21B46C2E00097265 /* Sources */,
				0184D30E21B46C2E00097265 /* Frameworks */,
				0184D30F21B46C2E00097265 /* Resources */,
			);
			buildRules = (
			);
			dependencies = (
			);
			name = Luno;
			productName = Luno;
			productReference = 0184D31121B46C2E00097265 /* Luno.framework */;
			productType = "com.apple.product-type.framework";
		};
		0184D31921B46C2E00097265 /* LunoTests */ = {
			isa = PBXNativeTarget;
			buildConfigurationList = 0184D32821B46C2E00097265 /* Build configuration list for PBXNativeTarget "LunoTests" */;
			buildPhases = (
				0184D31621B46C2E00097265 /* Sources */,
				0184D31721B46C2E00097265 /* Frameworks */,
				0184D31821B46C2E00097265 /* Resources */,
			);
			buildRules = (
			);
			dependencies = (
				0184D31D21B46C2E00097265 /* PBXTargetDependency */,
			);
			name = LunoTests;
			productName = LunoTests;
			productReference = 0184D31A21B46C2E00097265 /* LunoTests.xctest */;
			productType = "com.apple.product-type.bundle.unit-test";
		};
/* End PBXNativeTarget section */

/* Begin PBXProject section */
		0184D30821B46C2E00097265 /* Project object */ = {
			isa = PBXProject;
			attributes = {
				LastSwiftUpdateCheck = 1010;
				LastUpgradeCheck = 1010;
				ORGANIZATIONNAME = "Malcolm Kumwenda";
				TargetAttributes = {
					0184D31021B46C2E00097265 = {
						CreatedOnToolsVersion = 10.1;
						LastSwiftMigration = 1010;
					};
					0184D31921B46C2E00097265 = {
						CreatedOnToolsVersion = 10.1;
					};
				};
			};
			buildConfigurationList = 0184D30B21B46C2E00097265 /* Build configuration list for PBXProject "Luno" */;
			compatibilityVersion = "Xcode 9.3";
			developmentRegion = en;
			hasScannedForEncodings = 0;
			knownRegions = (
				en,
			);
			mainGroup = 0184D30721B46C2E00097265;
			productRefGroup = 0184D31221B46C2E00097265 /* Products */;
			projectDirPath = "";
			projectRoot = "";
			targets = (
				0184D31021B46C2E00097265 /* Luno */,
				0184D31921B46C2E00097265 /* LunoTests */,
			);
		};
/* End PBXProject section */

/* Begin PBXResourcesBuildPhase section */
		0184D30F21B46C2E00097265 /* Resources */ = {
			isa = PBXResourcesBuildPhase;
			buildActionMask = 2147483647;
			files = (
			);
			runOnlyForDeploymentPostprocessing = 0;
		};
		0184D31821B46C2E00097265 /* Resources */ = {
			isa = PBXResourcesBuildPhase;
			buildActionMask = 2147483647;
			files = (
			);
			runOnlyForDeploymentPostprocessing = 0;
		};
/* End PBXResourcesBuildPhase section */

/* Begin PBXSourcesBuildPhase section */
		0184D30D21B46C2E00097265 /* Sources */ = {
			isa = PBXSourcesBuildPhase;
			buildActionMask = 2147483647;
			files = (
				0184D35021B46D1E00097265 /* HTTPTask.swift in Sources */,
				0184D34A21B46D1500097265 /* LunoTrade.swift in Sources */,
				0184D33B21B46CF900097265 /* LunoAccountAPI.swift in Sources */,
				0184D33F21B46D0300097265 /* LunoPair.swift in Sources */,
				0184D34C21B46D1500097265 /* LunoOrderBook.swift in Sources */,
				0184D33921B46CF900097265 /* LunoEndPoint.swift in Sources */,
				0184D33C21B46CF900097265 /* LunoRouter.swift in Sources */,
				0184D34021B46D0300097265 /* LunoCurrency.swift in Sources */,
				0184D34921B46D1500097265 /* LunoTicker.swift in Sources */,
				0184D35321B46D2700097265 /* URLArgumentEncoder.swift in Sources */,
				0184D33A21B46CF900097265 /* LunoMarketDataAPI.swift in Sources */,
				0184D34B21B46D1500097265 /* LunoTrades.swift in Sources */,
				0184D34D21B46D1500097265 /* LunoBid.swift in Sources */,
				0184D35121B46D1E00097265 /* HTTPResponse.swift in Sources */,
				0184D32F21B46CC100097265 /* Luno.swift in Sources */,
				0184D34821B46D1500097265 /* LunoTickers.swift in Sources */,
			);
			runOnlyForDeploymentPostprocessing = 0;
		};
		0184D31621B46C2E00097265 /* Sources */ = {
			isa = PBXSourcesBuildPhase;
			buildActionMask = 2147483647;
			files = (
				0184D32021B46C2E00097265 /* LunoTests.swift in Sources */,
			);
			runOnlyForDeploymentPostprocessing = 0;
		};
/* End PBXSourcesBuildPhase section */

/* Begin PBXTargetDependency section */
		0184D31D21B46C2E00097265 /* PBXTargetDependency */ = {
			isa = PBXTargetDependency;
			target = 0184D31021B46C2E00097265 /* Luno */;
			targetProxy = 0184D31C21B46C2E00097265 /* PBXContainerItemProxy */;
		};
/* End PBXTargetDependency section */

/* Begin XCBuildConfiguration section */
		0184D32321B46C2E00097265 /* Debug */ = {
			isa = XCBuildConfiguration;
			buildSettings = {
				ALWAYS_SEARCH_USER_PATHS = NO;
				CLANG_ANALYZER_NONNULL = YES;
				CLANG_ANALYZER_NUMBER_OBJECT_CONVERSION = YES_AGGRESSIVE;
				CLANG_CXX_LANGUAGE_STANDARD = "gnu++14";
				CLANG_CXX_LIBRARY = "libc++";
				CLANG_ENABLE_MODULES = YES;
				CLANG_ENABLE_OBJC_ARC = YES;
				CLANG_ENABLE_OBJC_WEAK = YES;
				CLANG_WARN_BLOCK_CAPTURE_AUTORELEASING = YES;
				CLANG_WARN_BOOL_CONVERSION = YES;
				CLANG_WARN_COMMA = YES;
				CLANG_WARN_CONSTANT_CONVERSION = YES;
				CLANG_WARN_DEPRECATED_OBJC_IMPLEMENTATIONS = YES;
				CLANG_WARN_DIRECT_OBJC_ISA_USAGE = YES_ERROR;
				CLANG_WARN_DOCUMENTATION_COMMENTS = YES;
				CLANG_WARN_EMPTY_BODY = YES;
				CLANG_WARN_ENUM_CONVERSION = YES;
				CLANG_WARN_INFINITE_RECURSION = YES;
				CLANG_WARN_INT_CONVERSION = YES;
				CLANG_WARN_NON_LITERAL_NULL_CONVERSION = YES;
				CLANG_WARN_OBJC_IMPLICIT_RETAIN_SELF = YES;
				CLANG_WARN_OBJC_LITERAL_CONVERSION = YES;
				CLANG_WARN_OBJC_ROOT_CLASS = YES_ERROR;
				CLANG_WARN_RANGE_LOOP_ANALYSIS = YES;
				CLANG_WARN_STRICT_PROTOTYPES = YES;
				CLANG_WARN_SUSPICIOUS_MOVE = YES;
				CLANG_WARN_UNGUARDED_AVAILABILITY = YES_AGGRESSIVE;
				CLANG_WARN_UNREACHABLE_CODE = YES;
				CLANG_WARN__DUPLICATE_METHOD_MATCH = YES;
				CODE_SIGN_IDENTITY = "iPhone Developer";
				COPY_PHASE_STRIP = NO;
				CURRENT_PROJECT_VERSION = 1;
				DEBUG_INFORMATION_FORMAT = dwarf;
				ENABLE_STRICT_OBJC_MSGSEND = YES;
				ENABLE_TESTABILITY = YES;
				GCC_C_LANGUAGE_STANDARD = gnu11;
				GCC_DYNAMIC_NO_PIC = NO;
				GCC_NO_COMMON_BLOCKS = YES;
				GCC_OPTIMIZATION_LEVEL = 0;
				GCC_PREPROCESSOR_DEFINITIONS = (
					"DEBUG=1",
					"$(inherited)",
				);
				GCC_WARN_64_TO_32_BIT_CONVERSION = YES;
				GCC_WARN_ABOUT_RETURN_TYPE = YES_ERROR;
				GCC_WARN_UNDECLARED_SELECTOR = YES;
				GCC_WARN_UNINITIALIZED_AUTOS = YES_AGGRESSIVE;
				GCC_WARN_UNUSED_FUNCTION = YES;
				GCC_WARN_UNUSED_VARIABLE = YES;
				IPHONEOS_DEPLOYMENT_TARGET = 12.1;
				MTL_ENABLE_DEBUG_INFO = INCLUDE_SOURCE;
				MTL_FAST_MATH = YES;
				ONLY_ACTIVE_ARCH = YES;
				SDKROOT = iphoneos;
				SWIFT_ACTIVE_COMPILATION_CONDITIONS = DEBUG;
				SWIFT_OPTIMIZATION_LEVEL = "-Onone";
				VERSIONING_SYSTEM = "apple-generic";
				VERSION_INFO_PREFIX = "";
			};
			name = Debug;
		};
		0184D32421B46C2E00097265 /* Release */ = {
			isa = XCBuildConfiguration;
			buildSettings = {
				ALWAYS_SEARCH_USER_PATHS = NO;
				CLANG_ANALYZER_NONNULL = YES;
				CLANG_ANALYZER_NUMBER_OBJECT_CONVERSION = YES_AGGRESSIVE;
				CLANG_CXX_LANGUAGE_STANDARD = "gnu++14";
				CLANG_CXX_LIBRARY = "libc++";
				CLANG_ENABLE_MODULES = YES;
				CLANG_ENABLE_OBJC_ARC = YES;
				CLANG_ENABLE_OBJC_WEAK = YES;
				CLANG_WARN_BLOCK_CAPTURE_AUTORELEASING = YES;
				CLANG_WARN_BOOL_CONVERSION = YES;
				CLANG_WARN_COMMA = YES;
				CLANG_WARN_CONSTANT_CONVERSION = YES;
				CLANG_WARN_DEPRECATED_OBJC_IMPLEMENTATIONS = YES;
				CLANG_WARN_DIRECT_OBJC_ISA_USAGE = YES_ERROR;
				CLANG_WARN_DOCUMENTATION_COMMENTS = YES;
				CLANG_WARN_EMPTY_BODY = YES;
				CLANG_WARN_ENUM_CONVERSION = YES;
				CLANG_WARN_INFINITE_RECURSION = YES;
				CLANG_WARN_INT_CONVERSION = YES;
				CLANG_WARN_NON_LITERAL_NULL_CONVERSION = YES;
				CLANG_WARN_OBJC_IMPLICIT_RETAIN_SELF = YES;
				CLANG_WARN_OBJC_LITERAL_CONVERSION = YES;
				CLANG_WARN_OBJC_ROOT_CLASS = YES_ERROR;
				CLANG_WARN_RANGE_LOOP_ANALYSIS = YES;
				CLANG_WARN_STRICT_PROTOTYPES = YES;
				CLANG_WARN_SUSPICIOUS_MOVE = YES;
				CLANG_WARN_UNGUARDED_AVAILABILITY = YES_AGGRESSIVE;
				CLANG_WARN_UNREACHABLE_CODE = YES;
				CLANG_WARN__DUPLICATE_METHOD_MATCH = YES;
				CODE_SIGN_IDENTITY = "iPhone Developer";
				COPY_PHASE_STRIP = NO;
				CURRENT_PROJECT_VERSION = 1;
				DEBUG_INFORMATION_FORMAT = "dwarf-with-dsym";
				ENABLE_NS_ASSERTIONS = NO;
				ENABLE_STRICT_OBJC_MSGSEND = YES;
				GCC_C_LANGUAGE_STANDARD = gnu11;
				GCC_NO_COMMON_BLOCKS = YES;
				GCC_WARN_64_TO_32_BIT_CONVERSION = YES;
				GCC_WARN_ABOUT_RETURN_TYPE = YES_ERROR;
				GCC_WARN_UNDECLARED_SELECTOR = YES;
				GCC_WARN_UNINITIALIZED_AUTOS = YES_AGGRESSIVE;
				GCC_WARN_UNUSED_FUNCTION = YES;
				GCC_WARN_UNUSED_VARIABLE = YES;
				IPHONEOS_DEPLOYMENT_TARGET = 12.1;
				MTL_ENABLE_DEBUG_INFO = NO;
				MTL_FAST_MATH = YES;
				SDKROOT = iphoneos;
				SWIFT_COMPILATION_MODE = wholemodule;
				SWIFT_OPTIMIZATION_LEVEL = "-O";
				VALIDATE_PRODUCT = YES;
				VERSIONING_SYSTEM = "apple-generic";
				VERSION_INFO_PREFIX = "";
			};
			name = Release;
		};
		0184D32621B46C2E00097265 /* Debug */ = {
			isa = XCBuildConfiguration;
			buildSettings = {
				CLANG_ENABLE_MODULES = YES;
				CODE_SIGN_IDENTITY = "";
				CODE_SIGN_STYLE = Automatic;
				DEFINES_MODULE = YES;
				DEVELOPMENT_TEAM = B534EWRJTS;
				DYLIB_COMPATIBILITY_VERSION = 1;
				DYLIB_CURRENT_VERSION = 1;
				DYLIB_INSTALL_NAME_BASE = "@rpath";
				INFOPLIST_FILE = Luno/Info.plist;
				INSTALL_PATH = "$(LOCAL_LIBRARY_DIR)/Frameworks";
				LD_RUNPATH_SEARCH_PATHS = (
					"$(inherited)",
					"@executable_path/Frameworks",
					"@loader_path/Frameworks",
				);
				PRODUCT_BUNDLE_IDENTIFIER = com.mdevsa.Luno;
				PRODUCT_NAME = "$(TARGET_NAME:c99extidentifier)";
				SKIP_INSTALL = YES;
				SWIFT_OPTIMIZATION_LEVEL = "-Onone";
				SWIFT_VERSION = 4.2;
				TARGETED_DEVICE_FAMILY = "1,2";
			};
			name = Debug;
		};
		0184D32721B46C2E00097265 /* Release */ = {
			isa = XCBuildConfiguration;
			buildSettings = {
				CLANG_ENABLE_MODULES = YES;
				CODE_SIGN_IDENTITY = "";
				CODE_SIGN_STYLE = Automatic;
				DEFINES_MODULE = YES;
				DEVELOPMENT_TEAM = B534EWRJTS;
				DYLIB_COMPATIBILITY_VERSION = 1;
				DYLIB_CURRENT_VERSION = 1;
				DYLIB_INSTALL_NAME_BASE = "@rpath";
				INFOPLIST_FILE = Luno/Info.plist;
				INSTALL_PATH = "$(LOCAL_LIBRARY_DIR)/Frameworks";
				LD_RUNPATH_SEARCH_PATHS = (
					"$(inherited)",
					"@executable_path/Frameworks",
					"@loader_path/Frameworks",
				);
				PRODUCT_BUNDLE_IDENTIFIER = com.mdevsa.Luno;
				PRODUCT_NAME = "$(TARGET_NAME:c99extidentifier)";
				SKIP_INSTALL = YES;
				SWIFT_VERSION = 4.2;
				TARGETED_DEVICE_FAMILY = "1,2";
			};
			name = Release;
		};
		0184D32921B46C2E00097265 /* Debug */ = {
			isa = XCBuildConfiguration;
			buildSettings = {
				ALWAYS_EMBED_SWIFT_STANDARD_LIBRARIES = YES;
				CODE_SIGN_STYLE = Automatic;
				DEVELOPMENT_TEAM = B534EWRJTS;
				INFOPLIST_FILE = LunoTests/Info.plist;
				LD_RUNPATH_SEARCH_PATHS = (
					"$(inherited)",
					"@executable_path/Frameworks",
					"@loader_path/Frameworks",
				);
				PRODUCT_BUNDLE_IDENTIFIER = com.mdevsa.LunoTests;
				PRODUCT_NAME = "$(TARGET_NAME)";
				SWIFT_VERSION = 4.2;
				TARGETED_DEVICE_FAMILY = "1,2";
			};
			name = Debug;
		};
		0184D32A21B46C2E00097265 /* Release */ = {
			isa = XCBuildConfiguration;
			buildSettings = {
				ALWAYS_EMBED_SWIFT_STANDARD_LIBRARIES = YES;
				CODE_SIGN_STYLE = Automatic;
				DEVELOPMENT_TEAM = B534EWRJTS;
				INFOPLIST_FILE = LunoTests/Info.plist;
				LD_RUNPATH_SEARCH_PATHS = (
					"$(inherited)",
					"@executable_path/Frameworks",
					"@loader_path/Frameworks",
				);
				PRODUCT_BUNDLE_IDENTIFIER = com.mdevsa.LunoTests;
				PRODUCT_NAME = "$(TARGET_NAME)";
				SWIFT_VERSION = 4.2;
				TARGETED_DEVICE_FAMILY = "1,2";
			};
			name = Release;
		};
/* End XCBuildConfiguration section */

/* Begin XCConfigurationList section */
		0184D30B21B46C2E00097265 /* Build configuration list for PBXProject "Luno" */ = {
			isa = XCConfigurationList;
			buildConfigurations = (
				0184D32321B46C2E00097265 /* Debug */,
				0184D32421B46C2E00097265 /* Release */,
			);
			defaultConfigurationIsVisible = 0;
			defaultConfigurationName = Release;
		};
		0184D32521B46C2E00097265 /* Build configuration list for PBXNativeTarget "Luno" */ = {
			isa = XCConfigurationList;
			buildConfigurations = (
				0184D32621B46C2E00097265 /* Debug */,
				0184D32721B46C2E00097265 /* Release */,
			);
			defaultConfigurationIsVisible = 0;
			defaultConfigurationName = Release;
		};
		0184D32821B46C2E00097265 /* Build configuration list for PBXNativeTarget "LunoTests" */ = {
			isa = XCConfigurationList;
			buildConfigurations = (
				0184D32921B46C2E00097265 /* Debug */,
				0184D32A21B46C2E00097265 /* Release */,
			);
			defaultConfigurationIsVisible = 0;
			defaultConfigurationName = Release;
		};
/* End XCConfigurationList section */
	};
	rootObject = 0184D30821B46C2E00097265 /* Project object */;
}
